lockfileVersion: '9.0'

settings:
  autoInstallPeers: true
  excludeLinksFromLockfile: false

importers:

  .:
    dependencies:
      '@kazumatu981/markdown-it-kroki':
        specifier: ^1.3.6
        version: 1.3.6
      markdown-it-mermaid:
        specifier: ^0.2.5
        version: 0.2.5

packages:

  '@kazumatu981/markdown-it-kroki@1.3.6':
    resolution: {integrity: sha512-UtDuMYRfc8k2QPGdEd1pnxVkmG69brjlfRXN7Y77vwqxA3Wbu0ccz7IGrY/JEF5AXZkTJmMC81N68o/cCwWVyw==}

  d3@3.5.17:
    resolution: {integrity: sha512-yFk/2idb8OHPKkbAL8QaOaqENNoMhIaSHZerk3oQsECwkObkCpJyjYwCe+OHiq6UEdhe1m8ZGARRRO3ljFjlKg==}

  dagre-d3-renderer@0.4.26:
    resolution: {integrity: sha512-vOWj1uA4/APTrfDyfHaH/xpfXhPh9rszW+HOaEwPCeA6Afl06Lobfh7OpESuVMQW2QGuY4UQ7pte/p0WhdDs7w==}

  dagre-layout@0.8.8:
    resolution: {integrity: sha512-ZNV15T9za7X+fV8Z07IZquUKugCxm5owoiPPxfEx6OJRD331nkiIaF3vSt0JEY5FkrY0KfRQxcpQ3SpXB7pLPQ==}

  graphlib@2.1.8:
    resolution: {integrity: sha512-jcLLfkpoVGmH7/InMC/1hIvOPSUh38oJtGhvrOFGzioE1DZ+0YW16RgmOJhHiuWTvGiJQ9Z1Ik43JvkRPRvE+A==}

  graphlibrary@2.2.0:
    resolution: {integrity: sha512-XTcvT55L8u4MBZrM37zXoUxsgxs/7sow7YSygd9CIwfWTVO8RVu7AYXhhCiTuFEf+APKgx6Jk4SuQbYR0vYKmQ==}

  he@1.2.0:
    resolution: {integrity: sha512-F/1DnUGPopORZi0ni+CvrCgHQ5FyEAHRLSApuYWMmrbSwoN2Mn/7k+Gl38gJnR7yyDZk6WLXwiGod1JOWNDKGw==}
    hasBin: true

  lodash@4.17.21:
    resolution: {integrity: sha512-v2kDEe57lecTulaDIuNTPy3Ry4gLGJ6Z1O3vE1krgXZNrsQ+LFTGHVxVjcXPs17LhbZVGedAJv8XZ1tvj5FvSg==}

  markdown-it-mermaid@0.2.5:
    resolution: {integrity: sha512-ZUTFRX+cXEtWmn/9LMlpVklPJiDrHPWyHE/wamC2wm0Ojh1qOcuKWfWW3BqP83+7w6C59rS7M3OrGTs/u9mQTA==}

  mermaid@7.1.2:
    resolution: {integrity: sha512-bDLu3fQuf3/R0fNkNzB0GTaF7+6SxnZpfTs9DVQF1ougsuP23MBzvEIGfL0ML8zeyg7+J2D+0AaoLVhskW5ulw==}

  moment@2.30.1:
    resolution: {integrity: sha512-uEmtNhbDOrWPFS+hdjFCBfy9f2YoyzRpwcl+DqpC6taX21FzsTLQVbMV/W7PzNSX6x/bhC1zA3c2UQ5NzH6how==}

snapshots:

  '@kazumatu981/markdown-it-kroki@1.3.6': {}

  d3@3.5.17: {}

  dagre-d3-renderer@0.4.26:
    dependencies:
      d3: 3.5.17
      dagre-layout: 0.8.8
      graphlib: 2.1.8
      lodash: 4.17.21

  dagre-layout@0.8.8:
    dependencies:
      graphlibrary: 2.2.0
      lodash: 4.17.21

  graphlib@2.1.8:
    dependencies:
      lodash: 4.17.21

  graphlibrary@2.2.0:
    dependencies:
      lodash: 4.17.21

  he@1.2.0: {}

  lodash@4.17.21: {}

  markdown-it-mermaid@0.2.5:
    dependencies:
      mermaid: 7.1.2

  mermaid@7.1.2:
    dependencies:
      d3: 3.5.17
      dagre-d3-renderer: 0.4.26
      dagre-layout: 0.8.8
      he: 1.2.0
      lodash: 4.17.21
      moment: 2.30.1

  moment@2.30.1: {}
